// !$*UTF8*$!
{
	archiveVersion = 1;
	classes = {
	};
	objectVersion = 42;
	objects = {

/* Begin PBXBuildFile section */
		BBAB23CB13894F3D00AA2426 /* GLUT.framework in CopyFiles */ = {isa = PBXBuildFile; fileRef = BBAB23BE13894E4700AA2426 /* GLUT.framework */; };
		E4328149138ABC9F0047C5CB /* openFrameworksDebug.a in Frameworks */ = {isa = PBXBuildFile; fileRef = E4328148138ABC890047C5CB /* openFrameworksDebug.a */; };
		E45BE97B0E8CC7DD009D7055 /* AGL.framework in Frameworks */ = {isa = PBXBuildFile; fileRef = E45BE9710E8CC7DD009D7055 /* AGL.framework */; };
		E45BE97C0E8CC7DD009D7055 /* ApplicationServices.framework in Frameworks */ = {isa = PBXBuildFile; fileRef = E45BE9720E8CC7DD009D7055 /* ApplicationServices.framework */; };
		E45BE97D0E8CC7DD009D7055 /* AudioToolbox.framework in Frameworks */ = {isa = PBXBuildFile; fileRef = E45BE9730E8CC7DD009D7055 /* AudioToolbox.framework */; };
		E45BE97E0E8CC7DD009D7055 /* Carbon.framework in Frameworks */ = {isa = PBXBuildFile; fileRef = E45BE9740E8CC7DD009D7055 /* Carbon.framework */; };
		E45BE97F0E8CC7DD009D7055 /* CoreAudio.framework in Frameworks */ = {isa = PBXBuildFile; fileRef = E45BE9750E8CC7DD009D7055 /* CoreAudio.framework */; };
		E45BE9800E8CC7DD009D7055 /* CoreFoundation.framework in Frameworks */ = {isa = PBXBuildFile; fileRef = E45BE9760E8CC7DD009D7055 /* CoreFoundation.framework */; };
		E45BE9810E8CC7DD009D7055 /* CoreServices.framework in Frameworks */ = {isa = PBXBuildFile; fileRef = E45BE9770E8CC7DD009D7055 /* CoreServices.framework */; };
		E45BE9830E8CC7DD009D7055 /* OpenGL.framework in Frameworks */ = {isa = PBXBuildFile; fileRef = E45BE9790E8CC7DD009D7055 /* OpenGL.framework */; };
		E45BE9840E8CC7DD009D7055 /* QuickTime.framework in Frameworks */ = {isa = PBXBuildFile; fileRef = E45BE97A0E8CC7DD009D7055 /* QuickTime.framework */; };
		E4B69E200A3A1BDC003C02F2 /* main.cpp in Sources */ = {isa = PBXBuildFile; fileRef = E4B69E1D0A3A1BDC003C02F2 /* main.cpp */; };
		E4B69E210A3A1BDC003C02F2 /* testApp.cpp in Sources */ = {isa = PBXBuildFile; fileRef = E4B69E1E0A3A1BDC003C02F2 /* testApp.cpp */; };
		E4C2424710CC5A17004149E2 /* AppKit.framework in Frameworks */ = {isa = PBXBuildFile; fileRef = E4C2424410CC5A17004149E2 /* AppKit.framework */; };
		E4C2424810CC5A17004149E2 /* Cocoa.framework in Frameworks */ = {isa = PBXBuildFile; fileRef = E4C2424510CC5A17004149E2 /* Cocoa.framework */; };
		E4C2424910CC5A17004149E2 /* IOKit.framework in Frameworks */ = {isa = PBXBuildFile; fileRef = E4C2424610CC5A17004149E2 /* IOKit.framework */; };
		E4EB6799138ADC1D00A09F29 /* GLUT.framework in Frameworks */ = {isa = PBXBuildFile; fileRef = BBAB23BE13894E4700AA2426 /* GLUT.framework */; };
		E748F63A15EB476E00B4157F /* Accelerate.framework in Frameworks */ = {isa = PBXBuildFile; fileRef = E748F63915EB476E00B4157F /* Accelerate.framework */; };
		E7C305EE15DE1833003BD208 /* tinyxml.cpp in Sources */ = {isa = PBXBuildFile; fileRef = E7C305E715DE1833003BD208 /* tinyxml.cpp */; };
		E7C305EF15DE1833003BD208 /* tinyxmlerror.cpp in Sources */ = {isa = PBXBuildFile; fileRef = E7C305E915DE1833003BD208 /* tinyxmlerror.cpp */; };
		E7C305F015DE1833003BD208 /* tinyxmlparser.cpp in Sources */ = {isa = PBXBuildFile; fileRef = E7C305EA15DE1833003BD208 /* tinyxmlparser.cpp */; };
		E7C305F115DE1833003BD208 /* ofxXmlSettings.cpp in Sources */ = {isa = PBXBuildFile; fileRef = E7C305EC15DE1833003BD208 /* ofxXmlSettings.cpp */; };
		E7C3062715DE2E27003BD208 /* ofxSubtitles.cpp in Sources */ = {isa = PBXBuildFile; fileRef = E7C3060D15DE2E26003BD208 /* ofxSubtitles.cpp */; };
		E7C3062815DE2E27003BD208 /* ofxSubtitleUnit.cpp in Sources */ = {isa = PBXBuildFile; fileRef = E7C3060F15DE2E26003BD208 /* ofxSubtitleUnit.cpp */; };
		E7E077E515D3B63C0020DFD4 /* CoreVideo.framework in Frameworks */ = {isa = PBXBuildFile; fileRef = E7E077E415D3B63C0020DFD4 /* CoreVideo.framework */; };
		E7E077E815D3B6510020DFD4 /* QTKit.framework in Frameworks */ = {isa = PBXBuildFile; fileRef = E7E077E715D3B6510020DFD4 /* QTKit.framework */; };
		E7F29EA615DB3C0A0016AF67 /* ofxTimecode.cpp in Sources */ = {isa = PBXBuildFile; fileRef = E7F29E9D15DB3C090016AF67 /* ofxTimecode.cpp */; };
		E7F29EE415DB3E950016AF67 /* ofTextConverter.cpp in Sources */ = {isa = PBXBuildFile; fileRef = E7F29ED715DB3E950016AF67 /* ofTextConverter.cpp */; };
		E7F29EE515DB3E950016AF67 /* ofUnicode.cpp in Sources */ = {isa = PBXBuildFile; fileRef = E7F29ED915DB3E950016AF67 /* ofUnicode.cpp */; };
		E7F29EE615DB3E950016AF67 /* ofUTF8.cpp in Sources */ = {isa = PBXBuildFile; fileRef = E7F29EDB15DB3E950016AF67 /* ofUTF8.cpp */; };
		E7F29F6515DB62300016AF67 /* FTBuffer.cpp in Sources */ = {isa = PBXBuildFile; fileRef = E7F29F0215DB622F0016AF67 /* FTBuffer.cpp */; };
		E7F29F6615DB62300016AF67 /* FTCharmap.cpp in Sources */ = {isa = PBXBuildFile; fileRef = E7F29F0315DB622F0016AF67 /* FTCharmap.cpp */; };
		E7F29F6715DB62300016AF67 /* FTContour.cpp in Sources */ = {isa = PBXBuildFile; fileRef = E7F29F0615DB622F0016AF67 /* FTContour.cpp */; };
		E7F29F6815DB62300016AF67 /* FTFace.cpp in Sources */ = {isa = PBXBuildFile; fileRef = E7F29F0815DB622F0016AF67 /* FTFace.cpp */; };
		E7F29F6915DB62300016AF67 /* FTBitmapFont.cpp in Sources */ = {isa = PBXBuildFile; fileRef = E7F29F0B15DB622F0016AF67 /* FTBitmapFont.cpp */; };
		E7F29F6A15DB62300016AF67 /* FTBufferFont.cpp in Sources */ = {isa = PBXBuildFile; fileRef = E7F29F0D15DB622F0016AF67 /* FTBufferFont.cpp */; };
		E7F29F6B15DB62300016AF67 /* FTExtrudeFont.cpp in Sources */ = {isa = PBXBuildFile; fileRef = E7F29F0F15DB622F0016AF67 /* FTExtrudeFont.cpp */; };
		E7F29F6C15DB62300016AF67 /* FTFont.cpp in Sources */ = {isa = PBXBuildFile; fileRef = E7F29F1115DB622F0016AF67 /* FTFont.cpp */; };
		E7F29F6D15DB62300016AF67 /* FTFontGlue.cpp in Sources */ = {isa = PBXBuildFile; fileRef = E7F29F1215DB622F0016AF67 /* FTFontGlue.cpp */; };
		E7F29F6E15DB62300016AF67 /* FTOutlineFont.cpp in Sources */ = {isa = PBXBuildFile; fileRef = E7F29F1415DB622F0016AF67 /* FTOutlineFont.cpp */; };
		E7F29F6F15DB62300016AF67 /* FTPixmapFont.cpp in Sources */ = {isa = PBXBuildFile; fileRef = E7F29F1615DB622F0016AF67 /* FTPixmapFont.cpp */; };
		E7F29F7015DB62300016AF67 /* FTPolygonFont.cpp in Sources */ = {isa = PBXBuildFile; fileRef = E7F29F1815DB622F0016AF67 /* FTPolygonFont.cpp */; };
		E7F29F7115DB62300016AF67 /* FTTextureFont.cpp in Sources */ = {isa = PBXBuildFile; fileRef = E7F29F1A15DB622F0016AF67 /* FTTextureFont.cpp */; };
		E7F29F7215DB62300016AF67 /* FTBitmapGlyph.cpp in Sources */ = {isa = PBXBuildFile; fileRef = E7F29F3415DB622F0016AF67 /* FTBitmapGlyph.cpp */; };
		E7F29F7315DB62300016AF67 /* FTBufferGlyph.cpp in Sources */ = {isa = PBXBuildFile; fileRef = E7F29F3615DB622F0016AF67 /* FTBufferGlyph.cpp */; };
		E7F29F7415DB62300016AF67 /* FTExtrudeGlyph.cpp in Sources */ = {isa = PBXBuildFile; fileRef = E7F29F3815DB622F0016AF67 /* FTExtrudeGlyph.cpp */; };
		E7F29F7515DB62300016AF67 /* FTGlyph.cpp in Sources */ = {isa = PBXBuildFile; fileRef = E7F29F3A15DB622F0016AF67 /* FTGlyph.cpp */; };
		E7F29F7615DB62300016AF67 /* FTGlyphGlue.cpp in Sources */ = {isa = PBXBuildFile; fileRef = E7F29F3B15DB622F0016AF67 /* FTGlyphGlue.cpp */; };
		E7F29F7715DB62300016AF67 /* FTOutlineGlyph.cpp in Sources */ = {isa = PBXBuildFile; fileRef = E7F29F3D15DB622F0016AF67 /* FTOutlineGlyph.cpp */; };
		E7F29F7815DB62300016AF67 /* FTPixmapGlyph.cpp in Sources */ = {isa = PBXBuildFile; fileRef = E7F29F3F15DB622F0016AF67 /* FTPixmapGlyph.cpp */; };
		E7F29F7915DB62300016AF67 /* FTPolygonGlyph.cpp in Sources */ = {isa = PBXBuildFile; fileRef = E7F29F4115DB622F0016AF67 /* FTPolygonGlyph.cpp */; };
		E7F29F7A15DB62300016AF67 /* FTTextureGlyph.cpp in Sources */ = {isa = PBXBuildFile; fileRef = E7F29F4315DB622F0016AF67 /* FTTextureGlyph.cpp */; };
		E7F29F7B15DB62300016AF67 /* FTGlyphContainer.cpp in Sources */ = {isa = PBXBuildFile; fileRef = E7F29F4515DB622F0016AF67 /* FTGlyphContainer.cpp */; };
		E7F29F7C15DB62300016AF67 /* FTLayout.cpp in Sources */ = {isa = PBXBuildFile; fileRef = E7F29F4915DB622F0016AF67 /* FTLayout.cpp */; };
		E7F29F7D15DB62300016AF67 /* FTLayoutGlue.cpp in Sources */ = {isa = PBXBuildFile; fileRef = E7F29F4A15DB622F0016AF67 /* FTLayoutGlue.cpp */; };
		E7F29F7E15DB62300016AF67 /* FTSimpleLayout.cpp in Sources */ = {isa = PBXBuildFile; fileRef = E7F29F4C15DB622F0016AF67 /* FTSimpleLayout.cpp */; };
		E7F29F7F15DB62300016AF67 /* FTLibrary.cpp in Sources */ = {isa = PBXBuildFile; fileRef = E7F29F4E15DB622F0016AF67 /* FTLibrary.cpp */; };
		E7F29F8015DB62300016AF67 /* FTPoint.cpp in Sources */ = {isa = PBXBuildFile; fileRef = E7F29F5115DB622F0016AF67 /* FTPoint.cpp */; };
		E7F29F8115DB62300016AF67 /* FTSize.cpp in Sources */ = {isa = PBXBuildFile; fileRef = E7F29F5215DB622F0016AF67 /* FTSize.cpp */; };
		E7F29F8215DB62300016AF67 /* FTVectoriser.cpp in Sources */ = {isa = PBXBuildFile; fileRef = E7F29F5615DB622F0016AF67 /* FTVectoriser.cpp */; };
		E7F29F8315DB62300016AF67 /* ofxFTGLFont.cpp in Sources */ = {isa = PBXBuildFile; fileRef = E7F29F5C15DB62300016AF67 /* ofxFTGLFont.cpp */; };
/* End PBXBuildFile section */

/* Begin PBXContainerItemProxy section */
		E4328147138ABC890047C5CB /* PBXContainerItemProxy */ = {
			isa = PBXContainerItemProxy;
			containerPortal = E4328143138ABC890047C5CB /* openFrameworksLib.xcodeproj */;
			proxyType = 2;
			remoteGlobalIDString = E4B27C1510CBEB8E00536013;
			remoteInfo = openFrameworks;
		};
		E4EEB9AB138B136A00A80321 /* PBXContainerItemProxy */ = {
			isa = PBXContainerItemProxy;
			containerPortal = E4328143138ABC890047C5CB /* openFrameworksLib.xcodeproj */;
			proxyType = 1;
			remoteGlobalIDString = E4B27C1410CBEB8E00536013;
			remoteInfo = openFrameworks;
		};
/* End PBXContainerItemProxy section */

/* Begin PBXCopyFilesBuildPhase section */
		E4C2427710CC5ABF004149E2 /* CopyFiles */ = {
			isa = PBXCopyFilesBuildPhase;
			buildActionMask = 2147483647;
			dstPath = "";
			dstSubfolderSpec = 10;
			files = (
				BBAB23CB13894F3D00AA2426 /* GLUT.framework in CopyFiles */,
			);
			runOnlyForDeploymentPostprocessing = 0;
		};
/* End PBXCopyFilesBuildPhase section */

/* Begin PBXFileReference section */
		BBAB23BE13894E4700AA2426 /* GLUT.framework */ = {isa = PBXFileReference; lastKnownFileType = wrapper.framework; name = GLUT.framework; path = ../../../libs/glut/lib/osx/GLUT.framework; sourceTree = "<group>"; };
		E4328143138ABC890047C5CB /* openFrameworksLib.xcodeproj */ = {isa = PBXFileReference; lastKnownFileType = "wrapper.pb-project"; name = openFrameworksLib.xcodeproj; path = ../../../libs/openFrameworksCompiled/project/osx/openFrameworksLib.xcodeproj; sourceTree = SOURCE_ROOT; };
		E45BE9710E8CC7DD009D7055 /* AGL.framework */ = {isa = PBXFileReference; lastKnownFileType = wrapper.framework; name = AGL.framework; path = /System/Library/Frameworks/AGL.framework; sourceTree = "<absolute>"; };
		E45BE9720E8CC7DD009D7055 /* ApplicationServices.framework */ = {isa = PBXFileReference; lastKnownFileType = wrapper.framework; name = ApplicationServices.framework; path = /System/Library/Frameworks/ApplicationServices.framework; sourceTree = "<absolute>"; };
		E45BE9730E8CC7DD009D7055 /* AudioToolbox.framework */ = {isa = PBXFileReference; lastKnownFileType = wrapper.framework; name = AudioToolbox.framework; path = /System/Library/Frameworks/AudioToolbox.framework; sourceTree = "<absolute>"; };
		E45BE9740E8CC7DD009D7055 /* Carbon.framework */ = {isa = PBXFileReference; lastKnownFileType = wrapper.framework; name = Carbon.framework; path = /System/Library/Frameworks/Carbon.framework; sourceTree = "<absolute>"; };
		E45BE9750E8CC7DD009D7055 /* CoreAudio.framework */ = {isa = PBXFileReference; lastKnownFileType = wrapper.framework; name = CoreAudio.framework; path = /System/Library/Frameworks/CoreAudio.framework; sourceTree = "<absolute>"; };
		E45BE9760E8CC7DD009D7055 /* CoreFoundation.framework */ = {isa = PBXFileReference; lastKnownFileType = wrapper.framework; name = CoreFoundation.framework; path = /System/Library/Frameworks/CoreFoundation.framework; sourceTree = "<absolute>"; };
		E45BE9770E8CC7DD009D7055 /* CoreServices.framework */ = {isa = PBXFileReference; lastKnownFileType = wrapper.framework; name = CoreServices.framework; path = /System/Library/Frameworks/CoreServices.framework; sourceTree = "<absolute>"; };
		E45BE9790E8CC7DD009D7055 /* OpenGL.framework */ = {isa = PBXFileReference; lastKnownFileType = wrapper.framework; name = OpenGL.framework; path = /System/Library/Frameworks/OpenGL.framework; sourceTree = "<absolute>"; };
		E45BE97A0E8CC7DD009D7055 /* QuickTime.framework */ = {isa = PBXFileReference; lastKnownFileType = wrapper.framework; name = QuickTime.framework; path = /System/Library/Frameworks/QuickTime.framework; sourceTree = "<absolute>"; };
		E4B69B5B0A3A1756003C02F2 /* CloudsSubtitlePlayerDebug.app */ = {isa = PBXFileReference; explicitFileType = wrapper.application; includeInIndex = 0; path = CloudsSubtitlePlayerDebug.app; sourceTree = BUILT_PRODUCTS_DIR; };
		E4B69E1D0A3A1BDC003C02F2 /* main.cpp */ = {isa = PBXFileReference; fileEncoding = 30; lastKnownFileType = sourcecode.cpp.cpp; name = main.cpp; path = src/main.cpp; sourceTree = SOURCE_ROOT; };
		E4B69E1E0A3A1BDC003C02F2 /* testApp.cpp */ = {isa = PBXFileReference; explicitFileType = sourcecode.cpp.cpp; fileEncoding = 4; name = testApp.cpp; path = src/testApp.cpp; sourceTree = SOURCE_ROOT; };
		E4B69E1F0A3A1BDC003C02F2 /* testApp.h */ = {isa = PBXFileReference; fileEncoding = 30; lastKnownFileType = sourcecode.c.h; name = testApp.h; path = src/testApp.h; sourceTree = SOURCE_ROOT; };
		E4B6FCAD0C3E899E008CF71C /* openFrameworks-Info.plist */ = {isa = PBXFileReference; fileEncoding = 30; lastKnownFileType = text.plist.xml; path = "openFrameworks-Info.plist"; sourceTree = "<group>"; };
		E4C2424410CC5A17004149E2 /* AppKit.framework */ = {isa = PBXFileReference; lastKnownFileType = wrapper.framework; name = AppKit.framework; path = /System/Library/Frameworks/AppKit.framework; sourceTree = "<absolute>"; };
		E4C2424510CC5A17004149E2 /* Cocoa.framework */ = {isa = PBXFileReference; lastKnownFileType = wrapper.framework; name = Cocoa.framework; path = /System/Library/Frameworks/Cocoa.framework; sourceTree = "<absolute>"; };
		E4C2424610CC5A17004149E2 /* IOKit.framework */ = {isa = PBXFileReference; lastKnownFileType = wrapper.framework; name = IOKit.framework; path = /System/Library/Frameworks/IOKit.framework; sourceTree = "<absolute>"; };
		E4EB691F138AFCF100A09F29 /* CoreOF.xcconfig */ = {isa = PBXFileReference; fileEncoding = 4; lastKnownFileType = text.xcconfig; name = CoreOF.xcconfig; path = ../../../libs/openFrameworksCompiled/project/osx/CoreOF.xcconfig; sourceTree = SOURCE_ROOT; };
		E4EB6923138AFD0F00A09F29 /* Project.xcconfig */ = {isa = PBXFileReference; fileEncoding = 4; lastKnownFileType = text.xcconfig; path = Project.xcconfig; sourceTree = "<group>"; };
		E748F63915EB476E00B4157F /* Accelerate.framework */ = {isa = PBXFileReference; lastKnownFileType = wrapper.framework; name = Accelerate.framework; path = ../../../../../../../../../../System/Library/Frameworks/Accelerate.framework; sourceTree = "<group>"; };
		E7C305E715DE1833003BD208 /* tinyxml.cpp */ = {isa = PBXFileReference; fileEncoding = 4; lastKnownFileType = sourcecode.cpp.cpp; path = tinyxml.cpp; sourceTree = "<group>"; };
		E7C305E815DE1833003BD208 /* tinyxml.h */ = {isa = PBXFileReference; fileEncoding = 4; lastKnownFileType = sourcecode.c.h; path = tinyxml.h; sourceTree = "<group>"; };
		E7C305E915DE1833003BD208 /* tinyxmlerror.cpp */ = {isa = PBXFileReference; fileEncoding = 4; lastKnownFileType = sourcecode.cpp.cpp; path = tinyxmlerror.cpp; sourceTree = "<group>"; };
		E7C305EA15DE1833003BD208 /* tinyxmlparser.cpp */ = {isa = PBXFileReference; fileEncoding = 4; lastKnownFileType = sourcecode.cpp.cpp; path = tinyxmlparser.cpp; sourceTree = "<group>"; };
		E7C305EC15DE1833003BD208 /* ofxXmlSettings.cpp */ = {isa = PBXFileReference; fileEncoding = 4; lastKnownFileType = sourcecode.cpp.cpp; path = ofxXmlSettings.cpp; sourceTree = "<group>"; };
		E7C305ED15DE1833003BD208 /* ofxXmlSettings.h */ = {isa = PBXFileReference; fileEncoding = 4; lastKnownFileType = sourcecode.c.h; path = ofxXmlSettings.h; sourceTree = "<group>"; };
		E7C3060D15DE2E26003BD208 /* ofxSubtitles.cpp */ = {isa = PBXFileReference; fileEncoding = 4; lastKnownFileType = sourcecode.cpp.cpp; path = ofxSubtitles.cpp; sourceTree = "<group>"; };
		E7C3060E15DE2E26003BD208 /* ofxSubtitles.h */ = {isa = PBXFileReference; fileEncoding = 4; lastKnownFileType = sourcecode.c.h; path = ofxSubtitles.h; sourceTree = "<group>"; };
		E7C3060F15DE2E26003BD208 /* ofxSubtitleUnit.cpp */ = {isa = PBXFileReference; fileEncoding = 4; lastKnownFileType = sourcecode.cpp.cpp; path = ofxSubtitleUnit.cpp; sourceTree = "<group>"; };
		E7C3061015DE2E26003BD208 /* ofxSubtitleUnit.h */ = {isa = PBXFileReference; fileEncoding = 4; lastKnownFileType = sourcecode.c.h; path = ofxSubtitleUnit.h; sourceTree = "<group>"; };
		E7E077E415D3B63C0020DFD4 /* CoreVideo.framework */ = {isa = PBXFileReference; lastKnownFileType = wrapper.framework; name = CoreVideo.framework; path = /System/Library/Frameworks/CoreVideo.framework; sourceTree = "<absolute>"; };
		E7E077E715D3B6510020DFD4 /* QTKit.framework */ = {isa = PBXFileReference; lastKnownFileType = wrapper.framework; name = QTKit.framework; path = /System/Library/Frameworks/QTKit.framework; sourceTree = "<absolute>"; };
		E7F29E9B15DB3C090016AF67 /* README.md */ = {isa = PBXFileReference; fileEncoding = 4; lastKnownFileType = text; path = README.md; sourceTree = "<group>"; };
		E7F29E9D15DB3C090016AF67 /* ofxTimecode.cpp */ = {isa = PBXFileReference; fileEncoding = 4; lastKnownFileType = sourcecode.cpp.cpp; path = ofxTimecode.cpp; sourceTree = "<group>"; };
		E7F29E9E15DB3C090016AF67 /* ofxTimecode.h */ = {isa = PBXFileReference; fileEncoding = 4; lastKnownFileType = sourcecode.c.h; path = ofxTimecode.h; sourceTree = "<group>"; };
		E7F29EC615DB3E950016AF67 /* checked.h */ = {isa = PBXFileReference; fileEncoding = 4; lastKnownFileType = sourcecode.c.h; path = checked.h; sourceTree = "<group>"; };
		E7F29EC715DB3E950016AF67 /* core.h */ = {isa = PBXFileReference; fileEncoding = 4; lastKnownFileType = sourcecode.c.h; path = core.h; sourceTree = "<group>"; };
		E7F29EC815DB3E950016AF67 /* unchecked.h */ = {isa = PBXFileReference; fileEncoding = 4; lastKnownFileType = sourcecode.c.h; path = unchecked.h; sourceTree = "<group>"; };
		E7F29EC915DB3E950016AF67 /* utf8.h */ = {isa = PBXFileReference; fileEncoding = 4; lastKnownFileType = sourcecode.c.h; path = utf8.h; sourceTree = "<group>"; };
		E7F29ECD15DB3E950016AF67 /* ReleaseNotes */ = {isa = PBXFileReference; fileEncoding = 4; lastKnownFileType = text; path = ReleaseNotes; sourceTree = "<group>"; };
		E7F29ECE15DB3E950016AF67 /* utf8cpp.html */ = {isa = PBXFileReference; fileEncoding = 4; lastKnownFileType = text.html; path = utf8cpp.html; sourceTree = "<group>"; };
		E7F29ED115DB3E950016AF67 /* checked.h */ = {isa = PBXFileReference; fileEncoding = 4; lastKnownFileType = sourcecode.c.h; path = checked.h; sourceTree = "<group>"; };
		E7F29ED215DB3E950016AF67 /* core.h */ = {isa = PBXFileReference; fileEncoding = 4; lastKnownFileType = sourcecode.c.h; path = core.h; sourceTree = "<group>"; };
		E7F29ED315DB3E950016AF67 /* unchecked.h */ = {isa = PBXFileReference; fileEncoding = 4; lastKnownFileType = sourcecode.c.h; path = unchecked.h; sourceTree = "<group>"; };
		E7F29ED415DB3E950016AF67 /* utf8.h */ = {isa = PBXFileReference; fileEncoding = 4; lastKnownFileType = sourcecode.c.h; path = utf8.h; sourceTree = "<group>"; };
		E7F29ED515DB3E950016AF67 /* README.md */ = {isa = PBXFileReference; fileEncoding = 4; lastKnownFileType = text; path = README.md; sourceTree = "<group>"; };
		E7F29ED715DB3E950016AF67 /* ofTextConverter.cpp */ = {isa = PBXFileReference; fileEncoding = 4; lastKnownFileType = sourcecode.cpp.cpp; path = ofTextConverter.cpp; sourceTree = "<group>"; };
		E7F29ED815DB3E950016AF67 /* ofTextConverter.h */ = {isa = PBXFileReference; fileEncoding = 4; lastKnownFileType = sourcecode.c.h; path = ofTextConverter.h; sourceTree = "<group>"; };
		E7F29ED915DB3E950016AF67 /* ofUnicode.cpp */ = {isa = PBXFileReference; fileEncoding = 4; lastKnownFileType = sourcecode.cpp.cpp; path = ofUnicode.cpp; sourceTree = "<group>"; };
		E7F29EDA15DB3E950016AF67 /* ofUnicode.h */ = {isa = PBXFileReference; fileEncoding = 4; lastKnownFileType = sourcecode.c.h; path = ofUnicode.h; sourceTree = "<group>"; xcLanguageSpecificationIdentifier = xcode.lang.objcpp; };
		E7F29EDB15DB3E950016AF67 /* ofUTF8.cpp */ = {isa = PBXFileReference; fileEncoding = 4; lastKnownFileType = sourcecode.cpp.cpp; path = ofUTF8.cpp; sourceTree = "<group>"; };
		E7F29EDC15DB3E950016AF67 /* ofUTF8.h */ = {isa = PBXFileReference; fileEncoding = 4; lastKnownFileType = sourcecode.c.h; path = ofUTF8.h; sourceTree = "<group>"; };
		E7F29F0115DB622F0016AF67 /* config.h */ = {isa = PBXFileReference; fileEncoding = 4; lastKnownFileType = sourcecode.c.h; path = config.h; sourceTree = "<group>"; };
		E7F29F0215DB622F0016AF67 /* FTBuffer.cpp */ = {isa = PBXFileReference; fileEncoding = 4; lastKnownFileType = sourcecode.cpp.cpp; path = FTBuffer.cpp; sourceTree = "<group>"; };
		E7F29F0315DB622F0016AF67 /* FTCharmap.cpp */ = {isa = PBXFileReference; fileEncoding = 4; lastKnownFileType = sourcecode.cpp.cpp; path = FTCharmap.cpp; sourceTree = "<group>"; };
		E7F29F0415DB622F0016AF67 /* FTCharmap.h */ = {isa = PBXFileReference; fileEncoding = 4; lastKnownFileType = sourcecode.c.h; path = FTCharmap.h; sourceTree = "<group>"; };
		E7F29F0515DB622F0016AF67 /* FTCharToGlyphIndexMap.h */ = {isa = PBXFileReference; fileEncoding = 4; lastKnownFileType = sourcecode.c.h; path = FTCharToGlyphIndexMap.h; sourceTree = "<group>"; };
		E7F29F0615DB622F0016AF67 /* FTContour.cpp */ = {isa = PBXFileReference; fileEncoding = 4; lastKnownFileType = sourcecode.cpp.cpp; path = FTContour.cpp; sourceTree = "<group>"; };
		E7F29F0715DB622F0016AF67 /* FTContour.h */ = {isa = PBXFileReference; fileEncoding = 4; lastKnownFileType = sourcecode.c.h; path = FTContour.h; sourceTree = "<group>"; };
		E7F29F0815DB622F0016AF67 /* FTFace.cpp */ = {isa = PBXFileReference; fileEncoding = 4; lastKnownFileType = sourcecode.cpp.cpp; path = FTFace.cpp; sourceTree = "<group>"; };
		E7F29F0915DB622F0016AF67 /* FTFace.h */ = {isa = PBXFileReference; fileEncoding = 4; lastKnownFileType = sourcecode.c.h; path = FTFace.h; sourceTree = "<group>"; };
		E7F29F0B15DB622F0016AF67 /* FTBitmapFont.cpp */ = {isa = PBXFileReference; fileEncoding = 4; lastKnownFileType = sourcecode.cpp.cpp; path = FTBitmapFont.cpp; sourceTree = "<group>"; };
		E7F29F0C15DB622F0016AF67 /* FTBitmapFontImpl.h */ = {isa = PBXFileReference; fileEncoding = 4; lastKnownFileType = sourcecode.c.h; path = FTBitmapFontImpl.h; sourceTree = "<group>"; };
		E7F29F0D15DB622F0016AF67 /* FTBufferFont.cpp */ = {isa = PBXFileReference; fileEncoding = 4; lastKnownFileType = sourcecode.cpp.cpp; path = FTBufferFont.cpp; sourceTree = "<group>"; };
		E7F29F0E15DB622F0016AF67 /* FTBufferFontImpl.h */ = {isa = PBXFileReference; fileEncoding = 4; lastKnownFileType = sourcecode.c.h; path = FTBufferFontImpl.h; sourceTree = "<group>"; };
		E7F29F0F15DB622F0016AF67 /* FTExtrudeFont.cpp */ = {isa = PBXFileReference; fileEncoding = 4; lastKnownFileType = sourcecode.cpp.cpp; path = FTExtrudeFont.cpp; sourceTree = "<group>"; };
		E7F29F1015DB622F0016AF67 /* FTExtrudeFontImpl.h */ = {isa = PBXFileReference; fileEncoding = 4; lastKnownFileType = sourcecode.c.h; path = FTExtrudeFontImpl.h; sourceTree = "<group>"; };
		E7F29F1115DB622F0016AF67 /* FTFont.cpp */ = {isa = PBXFileReference; fileEncoding = 4; lastKnownFileType = sourcecode.cpp.cpp; path = FTFont.cpp; sourceTree = "<group>"; };
		E7F29F1215DB622F0016AF67 /* FTFontGlue.cpp */ = {isa = PBXFileReference; fileEncoding = 4; lastKnownFileType = sourcecode.cpp.cpp; path = FTFontGlue.cpp; sourceTree = "<group>"; };
		E7F29F1315DB622F0016AF67 /* FTFontImpl.h */ = {isa = PBXFileReference; fileEncoding = 4; lastKnownFileType = sourcecode.c.h; path = FTFontImpl.h; sourceTree = "<group>"; };
		E7F29F1415DB622F0016AF67 /* FTOutlineFont.cpp */ = {isa = PBXFileReference; fileEncoding = 4; lastKnownFileType = sourcecode.cpp.cpp; path = FTOutlineFont.cpp; sourceTree = "<group>"; };
		E7F29F1515DB622F0016AF67 /* FTOutlineFontImpl.h */ = {isa = PBXFileReference; fileEncoding = 4; lastKnownFileType = sourcecode.c.h; path = FTOutlineFontImpl.h; sourceTree = "<group>"; };
		E7F29F1615DB622F0016AF67 /* FTPixmapFont.cpp */ = {isa = PBXFileReference; fileEncoding = 4; lastKnownFileType = sourcecode.cpp.cpp; path = FTPixmapFont.cpp; sourceTree = "<group>"; };
		E7F29F1715DB622F0016AF67 /* FTPixmapFontImpl.h */ = {isa = PBXFileReference; fileEncoding = 4; lastKnownFileType = sourcecode.c.h; path = FTPixmapFontImpl.h; sourceTree = "<group>"; };
		E7F29F1815DB622F0016AF67 /* FTPolygonFont.cpp */ = {isa = PBXFileReference; fileEncoding = 4; lastKnownFileType = sourcecode.cpp.cpp; path = FTPolygonFont.cpp; sourceTree = "<group>"; };
		E7F29F1915DB622F0016AF67 /* FTPolygonFontImpl.h */ = {isa = PBXFileReference; fileEncoding = 4; lastKnownFileType = sourcecode.c.h; path = FTPolygonFontImpl.h; sourceTree = "<group>"; };
		E7F29F1A15DB622F0016AF67 /* FTTextureFont.cpp */ = {isa = PBXFileReference; fileEncoding = 4; lastKnownFileType = sourcecode.cpp.cpp; path = FTTextureFont.cpp; sourceTree = "<group>"; };
		E7F29F1B15DB622F0016AF67 /* FTTextureFontImpl.h */ = {isa = PBXFileReference; fileEncoding = 4; lastKnownFileType = sourcecode.c.h; path = FTTextureFontImpl.h; sourceTree = "<group>"; };
		E7F29F1D15DB622F0016AF67 /* FTBBox.h */ = {isa = PBXFileReference; fileEncoding = 4; lastKnownFileType = sourcecode.c.h; path = FTBBox.h; sourceTree = "<group>"; };
		E7F29F1E15DB622F0016AF67 /* FTBitmapGlyph.h */ = {isa = PBXFileReference; fileEncoding = 4; lastKnownFileType = sourcecode.c.h; path = FTBitmapGlyph.h; sourceTree = "<group>"; };
		E7F29F1F15DB622F0016AF67 /* FTBuffer.h */ = {isa = PBXFileReference; fileEncoding = 4; lastKnownFileType = sourcecode.c.h; path = FTBuffer.h; sourceTree = "<group>"; };
		E7F29F2015DB622F0016AF67 /* FTBufferFont.h */ = {isa = PBXFileReference; fileEncoding = 4; lastKnownFileType = sourcecode.c.h; path = FTBufferFont.h; sourceTree = "<group>"; };
		E7F29F2115DB622F0016AF67 /* FTBufferGlyph.h */ = {isa = PBXFileReference; fileEncoding = 4; lastKnownFileType = sourcecode.c.h; path = FTBufferGlyph.h; sourceTree = "<group>"; };
		E7F29F2215DB622F0016AF67 /* FTExtrdGlyph.h */ = {isa = PBXFileReference; fileEncoding = 4; lastKnownFileType = sourcecode.c.h; path = FTExtrdGlyph.h; sourceTree = "<group>"; };
		E7F29F2315DB622F0016AF67 /* FTFont.h */ = {isa = PBXFileReference; fileEncoding = 4; lastKnownFileType = sourcecode.c.h; path = FTFont.h; sourceTree = "<group>"; };
		E7F29F2415DB622F0016AF67 /* ftgl.h */ = {isa = PBXFileReference; fileEncoding = 4; lastKnownFileType = sourcecode.c.h; path = ftgl.h; sourceTree = "<group>"; };
		E7F29F2515DB622F0016AF67 /* FTGLBitmapFont.h */ = {isa = PBXFileReference; fileEncoding = 4; lastKnownFileType = sourcecode.c.h; path = FTGLBitmapFont.h; sourceTree = "<group>"; };
		E7F29F2615DB622F0016AF67 /* FTGLExtrdFont.h */ = {isa = PBXFileReference; fileEncoding = 4; lastKnownFileType = sourcecode.c.h; path = FTGLExtrdFont.h; sourceTree = "<group>"; };
		E7F29F2715DB622F0016AF67 /* FTGLOutlineFont.h */ = {isa = PBXFileReference; fileEncoding = 4; lastKnownFileType = sourcecode.c.h; path = FTGLOutlineFont.h; sourceTree = "<group>"; };
		E7F29F2815DB622F0016AF67 /* FTGLPixmapFont.h */ = {isa = PBXFileReference; fileEncoding = 4; lastKnownFileType = sourcecode.c.h; path = FTGLPixmapFont.h; sourceTree = "<group>"; };
		E7F29F2915DB622F0016AF67 /* FTGLPolygonFont.h */ = {isa = PBXFileReference; fileEncoding = 4; lastKnownFileType = sourcecode.c.h; path = FTGLPolygonFont.h; sourceTree = "<group>"; };
		E7F29F2A15DB622F0016AF67 /* FTGLTextureFont.h */ = {isa = PBXFileReference; fileEncoding = 4; lastKnownFileType = sourcecode.c.h; path = FTGLTextureFont.h; sourceTree = "<group>"; };
		E7F29F2B15DB622F0016AF67 /* FTGlyph.h */ = {isa = PBXFileReference; fileEncoding = 4; lastKnownFileType = sourcecode.c.h; path = FTGlyph.h; sourceTree = "<group>"; };
		E7F29F2C15DB622F0016AF67 /* FTLayout.h */ = {isa = PBXFileReference; fileEncoding = 4; lastKnownFileType = sourcecode.c.h; path = FTLayout.h; sourceTree = "<group>"; };
		E7F29F2D15DB622F0016AF67 /* FTOutlineGlyph.h */ = {isa = PBXFileReference; fileEncoding = 4; lastKnownFileType = sourcecode.c.h; path = FTOutlineGlyph.h; sourceTree = "<group>"; };
		E7F29F2E15DB622F0016AF67 /* FTPixmapGlyph.h */ = {isa = PBXFileReference; fileEncoding = 4; lastKnownFileType = sourcecode.c.h; path = FTPixmapGlyph.h; sourceTree = "<group>"; };
		E7F29F2F15DB622F0016AF67 /* FTPoint.h */ = {isa = PBXFileReference; fileEncoding = 4; lastKnownFileType = sourcecode.c.h; path = FTPoint.h; sourceTree = "<group>"; };
		E7F29F3015DB622F0016AF67 /* FTPolyGlyph.h */ = {isa = PBXFileReference; fileEncoding = 4; lastKnownFileType = sourcecode.c.h; path = FTPolyGlyph.h; sourceTree = "<group>"; };
		E7F29F3115DB622F0016AF67 /* FTSimpleLayout.h */ = {isa = PBXFileReference; fileEncoding = 4; lastKnownFileType = sourcecode.c.h; path = FTSimpleLayout.h; sourceTree = "<group>"; };
		E7F29F3215DB622F0016AF67 /* FTTextureGlyph.h */ = {isa = PBXFileReference; fileEncoding = 4; lastKnownFileType = sourcecode.c.h; path = FTTextureGlyph.h; sourceTree = "<group>"; };
		E7F29F3415DB622F0016AF67 /* FTBitmapGlyph.cpp */ = {isa = PBXFileReference; fileEncoding = 4; lastKnownFileType = sourcecode.cpp.cpp; path = FTBitmapGlyph.cpp; sourceTree = "<group>"; };
		E7F29F3515DB622F0016AF67 /* FTBitmapGlyphImpl.h */ = {isa = PBXFileReference; fileEncoding = 4; lastKnownFileType = sourcecode.c.h; path = FTBitmapGlyphImpl.h; sourceTree = "<group>"; };
		E7F29F3615DB622F0016AF67 /* FTBufferGlyph.cpp */ = {isa = PBXFileReference; fileEncoding = 4; lastKnownFileType = sourcecode.cpp.cpp; path = FTBufferGlyph.cpp; sourceTree = "<group>"; };
		E7F29F3715DB622F0016AF67 /* FTBufferGlyphImpl.h */ = {isa = PBXFileReference; fileEncoding = 4; lastKnownFileType = sourcecode.c.h; path = FTBufferGlyphImpl.h; sourceTree = "<group>"; };
		E7F29F3815DB622F0016AF67 /* FTExtrudeGlyph.cpp */ = {isa = PBXFileReference; fileEncoding = 4; lastKnownFileType = sourcecode.cpp.cpp; path = FTExtrudeGlyph.cpp; sourceTree = "<group>"; };
		E7F29F3915DB622F0016AF67 /* FTExtrudeGlyphImpl.h */ = {isa = PBXFileReference; fileEncoding = 4; lastKnownFileType = sourcecode.c.h; path = FTExtrudeGlyphImpl.h; sourceTree = "<group>"; };
		E7F29F3A15DB622F0016AF67 /* FTGlyph.cpp */ = {isa = PBXFileReference; fileEncoding = 4; lastKnownFileType = sourcecode.cpp.cpp; path = FTGlyph.cpp; sourceTree = "<group>"; };
		E7F29F3B15DB622F0016AF67 /* FTGlyphGlue.cpp */ = {isa = PBXFileReference; fileEncoding = 4; lastKnownFileType = sourcecode.cpp.cpp; path = FTGlyphGlue.cpp; sourceTree = "<group>"; };
		E7F29F3C15DB622F0016AF67 /* FTGlyphImpl.h */ = {isa = PBXFileReference; fileEncoding = 4; lastKnownFileType = sourcecode.c.h; path = FTGlyphImpl.h; sourceTree = "<group>"; };
		E7F29F3D15DB622F0016AF67 /* FTOutlineGlyph.cpp */ = {isa = PBXFileReference; fileEncoding = 4; lastKnownFileType = sourcecode.cpp.cpp; path = FTOutlineGlyph.cpp; sourceTree = "<group>"; };
		E7F29F3E15DB622F0016AF67 /* FTOutlineGlyphImpl.h */ = {isa = PBXFileReference; fileEncoding = 4; lastKnownFileType = sourcecode.c.h; path = FTOutlineGlyphImpl.h; sourceTree = "<group>"; };
		E7F29F3F15DB622F0016AF67 /* FTPixmapGlyph.cpp */ = {isa = PBXFileReference; fileEncoding = 4; lastKnownFileType = sourcecode.cpp.cpp; path = FTPixmapGlyph.cpp; sourceTree = "<group>"; };
		E7F29F4015DB622F0016AF67 /* FTPixmapGlyphImpl.h */ = {isa = PBXFileReference; fileEncoding = 4; lastKnownFileType = sourcecode.c.h; path = FTPixmapGlyphImpl.h; sourceTree = "<group>"; };
		E7F29F4115DB622F0016AF67 /* FTPolygonGlyph.cpp */ = {isa = PBXFileReference; fileEncoding = 4; lastKnownFileType = sourcecode.cpp.cpp; path = FTPolygonGlyph.cpp; sourceTree = "<group>"; };
		E7F29F4215DB622F0016AF67 /* FTPolygonGlyphImpl.h */ = {isa = PBXFileReference; fileEncoding = 4; lastKnownFileType = sourcecode.c.h; path = FTPolygonGlyphImpl.h; sourceTree = "<group>"; };
		E7F29F4315DB622F0016AF67 /* FTTextureGlyph.cpp */ = {isa = PBXFileReference; fileEncoding = 4; lastKnownFileType = sourcecode.cpp.cpp; path = FTTextureGlyph.cpp; sourceTree = "<group>"; };
		E7F29F4415DB622F0016AF67 /* FTTextureGlyphImpl.h */ = {isa = PBXFileReference; fileEncoding = 4; lastKnownFileType = sourcecode.c.h; path = FTTextureGlyphImpl.h; sourceTree = "<group>"; };
		E7F29F4515DB622F0016AF67 /* FTGlyphContainer.cpp */ = {isa = PBXFileReference; fileEncoding = 4; lastKnownFileType = sourcecode.cpp.cpp; path = FTGlyphContainer.cpp; sourceTree = "<group>"; };
		E7F29F4615DB622F0016AF67 /* FTGlyphContainer.h */ = {isa = PBXFileReference; fileEncoding = 4; lastKnownFileType = sourcecode.c.h; path = FTGlyphContainer.h; sourceTree = "<group>"; };
		E7F29F4715DB622F0016AF67 /* FTInternals.h */ = {isa = PBXFileReference; fileEncoding = 4; lastKnownFileType = sourcecode.c.h; path = FTInternals.h; sourceTree = "<group>"; };
		E7F29F4915DB622F0016AF67 /* FTLayout.cpp */ = {isa = PBXFileReference; fileEncoding = 4; lastKnownFileType = sourcecode.cpp.cpp; path = FTLayout.cpp; sourceTree = "<group>"; };
		E7F29F4A15DB622F0016AF67 /* FTLayoutGlue.cpp */ = {isa = PBXFileReference; fileEncoding = 4; lastKnownFileType = sourcecode.cpp.cpp; path = FTLayoutGlue.cpp; sourceTree = "<group>"; };
		E7F29F4B15DB622F0016AF67 /* FTLayoutImpl.h */ = {isa = PBXFileReference; fileEncoding = 4; lastKnownFileType = sourcecode.c.h; path = FTLayoutImpl.h; sourceTree = "<group>"; };
		E7F29F4C15DB622F0016AF67 /* FTSimpleLayout.cpp */ = {isa = PBXFileReference; fileEncoding = 4; lastKnownFileType = sourcecode.cpp.cpp; path = FTSimpleLayout.cpp; sourceTree = "<group>"; };
		E7F29F4D15DB622F0016AF67 /* FTSimpleLayoutImpl.h */ = {isa = PBXFileReference; fileEncoding = 4; lastKnownFileType = sourcecode.c.h; path = FTSimpleLayoutImpl.h; sourceTree = "<group>"; };
		E7F29F4E15DB622F0016AF67 /* FTLibrary.cpp */ = {isa = PBXFileReference; fileEncoding = 4; lastKnownFileType = sourcecode.cpp.cpp; path = FTLibrary.cpp; sourceTree = "<group>"; };
		E7F29F4F15DB622F0016AF67 /* FTLibrary.h */ = {isa = PBXFileReference; fileEncoding = 4; lastKnownFileType = sourcecode.c.h; path = FTLibrary.h; sourceTree = "<group>"; };
		E7F29F5015DB622F0016AF67 /* FTList.h */ = {isa = PBXFileReference; fileEncoding = 4; lastKnownFileType = sourcecode.c.h; path = FTList.h; sourceTree = "<group>"; };
		E7F29F5115DB622F0016AF67 /* FTPoint.cpp */ = {isa = PBXFileReference; fileEncoding = 4; lastKnownFileType = sourcecode.cpp.cpp; path = FTPoint.cpp; sourceTree = "<group>"; };
		E7F29F5215DB622F0016AF67 /* FTSize.cpp */ = {isa = PBXFileReference; fileEncoding = 4; lastKnownFileType = sourcecode.cpp.cpp; path = FTSize.cpp; sourceTree = "<group>"; };
		E7F29F5315DB622F0016AF67 /* FTSize.h */ = {isa = PBXFileReference; fileEncoding = 4; lastKnownFileType = sourcecode.c.h; path = FTSize.h; sourceTree = "<group>"; };
		E7F29F5415DB622F0016AF67 /* FTUnicode.h */ = {isa = PBXFileReference; fileEncoding = 4; lastKnownFileType = sourcecode.c.h; path = FTUnicode.h; sourceTree = "<group>"; };
		E7F29F5515DB622F0016AF67 /* FTVector.h */ = {isa = PBXFileReference; fileEncoding = 4; lastKnownFileType = sourcecode.c.h; path = FTVector.h; sourceTree = "<group>"; };
		E7F29F5615DB622F0016AF67 /* FTVectoriser.cpp */ = {isa = PBXFileReference; fileEncoding = 4; lastKnownFileType = sourcecode.cpp.cpp; path = FTVectoriser.cpp; sourceTree = "<group>"; };
		E7F29F5715DB622F0016AF67 /* FTVectoriser.h */ = {isa = PBXFileReference; fileEncoding = 4; lastKnownFileType = sourcecode.c.h; path = FTVectoriser.h; sourceTree = "<group>"; };
		E7F29F5815DB622F0016AF67 /* Makefile.am */ = {isa = PBXFileReference; fileEncoding = 4; lastKnownFileType = text; path = Makefile.am; sourceTree = "<group>"; };
		E7F29F5915DB622F0016AF67 /* Makefile.in */ = {isa = PBXFileReference; fileEncoding = 4; lastKnownFileType = text; path = Makefile.in; sourceTree = "<group>"; };
		E7F29F5C15DB62300016AF67 /* ofxFTGLFont.cpp */ = {isa = PBXFileReference; fileEncoding = 4; lastKnownFileType = sourcecode.cpp.cpp; path = ofxFTGLFont.cpp; sourceTree = "<group>"; };
		E7F29F5D15DB62300016AF67 /* ofxFTGLFont.h */ = {isa = PBXFileReference; fileEncoding = 4; lastKnownFileType = sourcecode.c.h; path = ofxFTGLFont.h; sourceTree = "<group>"; };
/* End PBXFileReference section */

/* Begin PBXFrameworksBuildPhase section */
		E4B69B590A3A1756003C02F2 /* Frameworks */ = {
			isa = PBXFrameworksBuildPhase;
			buildActionMask = 2147483647;
			files = (
				E748F63A15EB476E00B4157F /* Accelerate.framework in Frameworks */,
				E7E077E815D3B6510020DFD4 /* QTKit.framework in Frameworks */,
				E4EB6799138ADC1D00A09F29 /* GLUT.framework in Frameworks */,
				E4328149138ABC9F0047C5CB /* openFrameworksDebug.a in Frameworks */,
				E45BE97B0E8CC7DD009D7055 /* AGL.framework in Frameworks */,
				E45BE97C0E8CC7DD009D7055 /* ApplicationServices.framework in Frameworks */,
				E45BE97D0E8CC7DD009D7055 /* AudioToolbox.framework in Frameworks */,
				E45BE97E0E8CC7DD009D7055 /* Carbon.framework in Frameworks */,
				E45BE97F0E8CC7DD009D7055 /* CoreAudio.framework in Frameworks */,
				E45BE9800E8CC7DD009D7055 /* CoreFoundation.framework in Frameworks */,
				E45BE9810E8CC7DD009D7055 /* CoreServices.framework in Frameworks */,
				E45BE9830E8CC7DD009D7055 /* OpenGL.framework in Frameworks */,
				E45BE9840E8CC7DD009D7055 /* QuickTime.framework in Frameworks */,
				E4C2424710CC5A17004149E2 /* AppKit.framework in Frameworks */,
				E4C2424810CC5A17004149E2 /* Cocoa.framework in Frameworks */,
				E4C2424910CC5A17004149E2 /* IOKit.framework in Frameworks */,
				E7E077E515D3B63C0020DFD4 /* CoreVideo.framework in Frameworks */,
			);
			runOnlyForDeploymentPostprocessing = 0;
		};
/* End PBXFrameworksBuildPhase section */

/* Begin PBXGroup section */
		BB4B014C10F69532006C3DED /* addons */ = {
			isa = PBXGroup;
			children = (
				E7C3060615DE2E26003BD208 /* ofxSubtitles */,
				E7C305E515DE1832003BD208 /* ofxXmlSettings */,
				E7F29EEF15DB622F0016AF67 /* ofxFTGL */,
				E7F29EB015DB3E950016AF67 /* ofxUnicode */,
				E7F29E8F15DB3C080016AF67 /* ofxTimecode */,
			);
			name = addons;
			sourceTree = "<group>";
		};
		BBAB23C913894ECA00AA2426 /* system frameworks */ = {
			isa = PBXGroup;
			children = (
				E4C2424410CC5A17004149E2 /* AppKit.framework */,
				E4C2424510CC5A17004149E2 /* Cocoa.framework */,
				E4C2424610CC5A17004149E2 /* IOKit.framework */,
				E45BE9710E8CC7DD009D7055 /* AGL.framework */,
				E45BE9720E8CC7DD009D7055 /* ApplicationServices.framework */,
				E45BE9730E8CC7DD009D7055 /* AudioToolbox.framework */,
				E45BE9740E8CC7DD009D7055 /* Carbon.framework */,
				E45BE9750E8CC7DD009D7055 /* CoreAudio.framework */,
				E45BE9760E8CC7DD009D7055 /* CoreFoundation.framework */,
				E45BE9770E8CC7DD009D7055 /* CoreServices.framework */,
				E45BE9790E8CC7DD009D7055 /* OpenGL.framework */,
				E45BE97A0E8CC7DD009D7055 /* QuickTime.framework */,
				E7E077E415D3B63C0020DFD4 /* CoreVideo.framework */,
				E7E077E715D3B6510020DFD4 /* QTKit.framework */,
			);
			name = "system frameworks";
			sourceTree = "<group>";
		};
		BBAB23CA13894EDB00AA2426 /* 3rd party frameworks */ = {
			isa = PBXGroup;
			children = (
				BBAB23BE13894E4700AA2426 /* GLUT.framework */,
			);
			name = "3rd party frameworks";
			sourceTree = "<group>";
		};
		E4328144138ABC890047C5CB /* Products */ = {
			isa = PBXGroup;
			children = (
				E4328148138ABC890047C5CB /* openFrameworksDebug.a */,
			);
			name = Products;
			sourceTree = "<group>";
		};
		E45BE5980E8CC70C009D7055 /* frameworks */ = {
			isa = PBXGroup;
			children = (
				BBAB23CA13894EDB00AA2426 /* 3rd party frameworks */,
				BBAB23C913894ECA00AA2426 /* system frameworks */,
			);
			name = frameworks;
			sourceTree = "<group>";
		};
		E4B69B4A0A3A1720003C02F2 = {
			isa = PBXGroup;
			children = (
				E748F63915EB476E00B4157F /* Accelerate.framework */,
				E4B6FCAD0C3E899E008CF71C /* openFrameworks-Info.plist */,
				E4EB6923138AFD0F00A09F29 /* Project.xcconfig */,
				E4B69E1C0A3A1BDC003C02F2 /* src */,
				E4EEC9E9138DF44700A80321 /* openFrameworks */,
				BB4B014C10F69532006C3DED /* addons */,
				E45BE5980E8CC70C009D7055 /* frameworks */,
				E4B69B5B0A3A1756003C02F2 /* CloudsSubtitlePlayerDebug.app */,
			);
			sourceTree = "<group>";
		};
		E4B69E1C0A3A1BDC003C02F2 /* src */ = {
			isa = PBXGroup;
			children = (
				E4B69E1D0A3A1BDC003C02F2 /* main.cpp */,
				E4B69E1F0A3A1BDC003C02F2 /* testApp.h */,
				E4B69E1E0A3A1BDC003C02F2 /* testApp.cpp */,
			);
			path = src;
			sourceTree = SOURCE_ROOT;
		};
		E4EEC9E9138DF44700A80321 /* openFrameworks */ = {
			isa = PBXGroup;
			children = (
				E4EB691F138AFCF100A09F29 /* CoreOF.xcconfig */,
				E4328143138ABC890047C5CB /* openFrameworksLib.xcodeproj */,
			);
			name = openFrameworks;
			sourceTree = "<group>";
		};
		E7C305E515DE1832003BD208 /* ofxXmlSettings */ = {
			isa = PBXGroup;
			children = (
				E7C305E615DE1833003BD208 /* libs */,
				E7C305EB15DE1833003BD208 /* src */,
			);
			name = ofxXmlSettings;
			path = ../../../addons/ofxXmlSettings;
			sourceTree = "<group>";
		};
		E7C305E615DE1833003BD208 /* libs */ = {
			isa = PBXGroup;
			children = (
				E7C305E715DE1833003BD208 /* tinyxml.cpp */,
				E7C305E815DE1833003BD208 /* tinyxml.h */,
				E7C305E915DE1833003BD208 /* tinyxmlerror.cpp */,
				E7C305EA15DE1833003BD208 /* tinyxmlparser.cpp */,
			);
			path = libs;
			sourceTree = "<group>";
		};
		E7C305EB15DE1833003BD208 /* src */ = {
			isa = PBXGroup;
			children = (
				E7C305EC15DE1833003BD208 /* ofxXmlSettings.cpp */,
				E7C305ED15DE1833003BD208 /* ofxXmlSettings.h */,
			);
			path = src;
			sourceTree = "<group>";
		};
		E7C3060615DE2E26003BD208 /* ofxSubtitles */ = {
			isa = PBXGroup;
			children = (
				E7C3060C15DE2E26003BD208 /* src */,
			);
			name = ofxSubtitles;
			path = ../../../addons/ofxSubtitles;
			sourceTree = "<group>";
		};
		E7C3060C15DE2E26003BD208 /* src */ = {
			isa = PBXGroup;
			children = (
				E7C3060D15DE2E26003BD208 /* ofxSubtitles.cpp */,
				E7C3060E15DE2E26003BD208 /* ofxSubtitles.h */,
				E7C3060F15DE2E26003BD208 /* ofxSubtitleUnit.cpp */,
				E7C3061015DE2E26003BD208 /* ofxSubtitleUnit.h */,
			);
			path = src;
			sourceTree = "<group>";
		};
		E7F29E8F15DB3C080016AF67 /* ofxTimecode */ = {
			isa = PBXGroup;
			children = (
				E7F29E9B15DB3C090016AF67 /* README.md */,
				E7F29E9C15DB3C090016AF67 /* src */,
			);
			name = ofxTimecode;
			path = ../../../addons/ofxTimecode;
			sourceTree = "<group>";
		};
		E7F29E9C15DB3C090016AF67 /* src */ = {
			isa = PBXGroup;
			children = (
				E7F29E9E15DB3C090016AF67 /* ofxTimecode.h */,
				E7F29E9D15DB3C090016AF67 /* ofxTimecode.cpp */,
			);
			path = src;
			sourceTree = "<group>";
		};
		E7F29EB015DB3E950016AF67 /* ofxUnicode */ = {
			isa = PBXGroup;
			children = (
				E7F29EC215DB3E950016AF67 /* libs */,
				E7F29ED515DB3E950016AF67 /* README.md */,
				E7F29ED615DB3E950016AF67 /* src */,
			);
			name = ofxUnicode;
			path = ../../../addons/ofxUnicode;
			sourceTree = "<group>";
		};
		E7F29EC215DB3E950016AF67 /* libs */ = {
			isa = PBXGroup;
			children = (
				E7F29EC315DB3E950016AF67 /* utf8cpp */,
			);
			path = libs;
			sourceTree = "<group>";
		};
		E7F29EC315DB3E950016AF67 /* utf8cpp */ = {
			isa = PBXGroup;
			children = (
				E7F29EC415DB3E950016AF67 /* include */,
				E7F29ECA15DB3E950016AF67 /* src */,
			);
			path = utf8cpp;
			sourceTree = "<group>";
		};
		E7F29EC415DB3E950016AF67 /* include */ = {
			isa = PBXGroup;
			children = (
				E7F29EC515DB3E950016AF67 /* utf8 */,
				E7F29EC915DB3E950016AF67 /* utf8.h */,
			);
			path = include;
			sourceTree = "<group>";
		};
		E7F29EC515DB3E950016AF67 /* utf8 */ = {
			isa = PBXGroup;
			children = (
				E7F29EC615DB3E950016AF67 /* checked.h */,
				E7F29EC715DB3E950016AF67 /* core.h */,
				E7F29EC815DB3E950016AF67 /* unchecked.h */,
			);
			path = utf8;
			sourceTree = "<group>";
		};
		E7F29ECA15DB3E950016AF67 /* src */ = {
			isa = PBXGroup;
			children = (
				E7F29ECB15DB3E950016AF67 /* utf8_v2_3_1 */,
			);
			path = src;
			sourceTree = "<group>";
		};
		E7F29ECB15DB3E950016AF67 /* utf8_v2_3_1 */ = {
			isa = PBXGroup;
			children = (
				E7F29ECC15DB3E950016AF67 /* doc */,
				E7F29ECF15DB3E950016AF67 /* source */,
			);
			path = utf8_v2_3_1;
			sourceTree = "<group>";
		};
		E7F29ECC15DB3E950016AF67 /* doc */ = {
			isa = PBXGroup;
			children = (
				E7F29ECD15DB3E950016AF67 /* ReleaseNotes */,
				E7F29ECE15DB3E950016AF67 /* utf8cpp.html */,
			);
			path = doc;
			sourceTree = "<group>";
		};
		E7F29ECF15DB3E950016AF67 /* source */ = {
			isa = PBXGroup;
			children = (
				E7F29ED015DB3E950016AF67 /* utf8 */,
				E7F29ED415DB3E950016AF67 /* utf8.h */,
			);
			path = source;
			sourceTree = "<group>";
		};
		E7F29ED015DB3E950016AF67 /* utf8 */ = {
			isa = PBXGroup;
			children = (
				E7F29ED115DB3E950016AF67 /* checked.h */,
				E7F29ED215DB3E950016AF67 /* core.h */,
				E7F29ED315DB3E950016AF67 /* unchecked.h */,
			);
			path = utf8;
			sourceTree = "<group>";
		};
		E7F29ED615DB3E950016AF67 /* src */ = {
			isa = PBXGroup;
			children = (
				E7F29ED715DB3E950016AF67 /* ofTextConverter.cpp */,
				E7F29ED815DB3E950016AF67 /* ofTextConverter.h */,
				E7F29ED915DB3E950016AF67 /* ofUnicode.cpp */,
				E7F29EDA15DB3E950016AF67 /* ofUnicode.h */,
				E7F29EDB15DB3E950016AF67 /* ofUTF8.cpp */,
				E7F29EDC15DB3E950016AF67 /* ofUTF8.h */,
			);
			path = src;
			sourceTree = "<group>";
		};
		E7F29EEF15DB622F0016AF67 /* ofxFTGL */ = {
			isa = PBXGroup;
			children = (
				E7F29EFE15DB622F0016AF67 /* libs */,
				E7F29F5B15DB622F0016AF67 /* src */,
			);
			name = ofxFTGL;
			path = ../../../addons/ofxFTGL;
			sourceTree = "<group>";
		};
		E7F29EFE15DB622F0016AF67 /* libs */ = {
			isa = PBXGroup;
			children = (
				E7F29EFF15DB622F0016AF67 /* FTGL */,
			);
			path = libs;
			sourceTree = "<group>";
		};
		E7F29EFF15DB622F0016AF67 /* FTGL */ = {
			isa = PBXGroup;
			children = (
				E7F29F0015DB622F0016AF67 /* src */,
			);
			path = FTGL;
			sourceTree = "<group>";
		};
		E7F29F0015DB622F0016AF67 /* src */ = {
			isa = PBXGroup;
			children = (
				E7F29F0115DB622F0016AF67 /* config.h */,
				E7F29F0215DB622F0016AF67 /* FTBuffer.cpp */,
				E7F29F0315DB622F0016AF67 /* FTCharmap.cpp */,
				E7F29F0415DB622F0016AF67 /* FTCharmap.h */,
				E7F29F0515DB622F0016AF67 /* FTCharToGlyphIndexMap.h */,
				E7F29F0615DB622F0016AF67 /* FTContour.cpp */,
				E7F29F0715DB622F0016AF67 /* FTContour.h */,
				E7F29F0815DB622F0016AF67 /* FTFace.cpp */,
				E7F29F0915DB622F0016AF67 /* FTFace.h */,
				E7F29F0A15DB622F0016AF67 /* FTFont */,
				E7F29F1C15DB622F0016AF67 /* FTGL */,
				E7F29F3315DB622F0016AF67 /* FTGlyph */,
				E7F29F4515DB622F0016AF67 /* FTGlyphContainer.cpp */,
				E7F29F4615DB622F0016AF67 /* FTGlyphContainer.h */,
				E7F29F4715DB622F0016AF67 /* FTInternals.h */,
				E7F29F4815DB622F0016AF67 /* FTLayout */,
				E7F29F4E15DB622F0016AF67 /* FTLibrary.cpp */,
				E7F29F4F15DB622F0016AF67 /* FTLibrary.h */,
				E7F29F5015DB622F0016AF67 /* FTList.h */,
				E7F29F5115DB622F0016AF67 /* FTPoint.cpp */,
				E7F29F5215DB622F0016AF67 /* FTSize.cpp */,
				E7F29F5315DB622F0016AF67 /* FTSize.h */,
				E7F29F5415DB622F0016AF67 /* FTUnicode.h */,
				E7F29F5515DB622F0016AF67 /* FTVector.h */,
				E7F29F5615DB622F0016AF67 /* FTVectoriser.cpp */,
				E7F29F5715DB622F0016AF67 /* FTVectoriser.h */,
				E7F29F5815DB622F0016AF67 /* Makefile.am */,
				E7F29F5915DB622F0016AF67 /* Makefile.in */,
			);
			path = src;
			sourceTree = "<group>";
		};
		E7F29F0A15DB622F0016AF67 /* FTFont */ = {
			isa = PBXGroup;
			children = (
				E7F29F0B15DB622F0016AF67 /* FTBitmapFont.cpp */,
				E7F29F0C15DB622F0016AF67 /* FTBitmapFontImpl.h */,
				E7F29F0D15DB622F0016AF67 /* FTBufferFont.cpp */,
				E7F29F0E15DB622F0016AF67 /* FTBufferFontImpl.h */,
				E7F29F0F15DB622F0016AF67 /* FTExtrudeFont.cpp */,
				E7F29F1015DB622F0016AF67 /* FTExtrudeFontImpl.h */,
				E7F29F1115DB622F0016AF67 /* FTFont.cpp */,
				E7F29F1215DB622F0016AF67 /* FTFontGlue.cpp */,
				E7F29F1315DB622F0016AF67 /* FTFontImpl.h */,
				E7F29F1415DB622F0016AF67 /* FTOutlineFont.cpp */,
				E7F29F1515DB622F0016AF67 /* FTOutlineFontImpl.h */,
				E7F29F1615DB622F0016AF67 /* FTPixmapFont.cpp */,
				E7F29F1715DB622F0016AF67 /* FTPixmapFontImpl.h */,
				E7F29F1815DB622F0016AF67 /* FTPolygonFont.cpp */,
				E7F29F1915DB622F0016AF67 /* FTPolygonFontImpl.h */,
				E7F29F1A15DB622F0016AF67 /* FTTextureFont.cpp */,
				E7F29F1B15DB622F0016AF67 /* FTTextureFontImpl.h */,
			);
			path = FTFont;
			sourceTree = "<group>";
		};
		E7F29F1C15DB622F0016AF67 /* FTGL */ = {
			isa = PBXGroup;
			children = (
				E7F29F1D15DB622F0016AF67 /* FTBBox.h */,
				E7F29F1E15DB622F0016AF67 /* FTBitmapGlyph.h */,
				E7F29F1F15DB622F0016AF67 /* FTBuffer.h */,
				E7F29F2015DB622F0016AF67 /* FTBufferFont.h */,
				E7F29F2115DB622F0016AF67 /* FTBufferGlyph.h */,
				E7F29F2215DB622F0016AF67 /* FTExtrdGlyph.h */,
				E7F29F2315DB622F0016AF67 /* FTFont.h */,
				E7F29F2415DB622F0016AF67 /* ftgl.h */,
				E7F29F2515DB622F0016AF67 /* FTGLBitmapFont.h */,
				E7F29F2615DB622F0016AF67 /* FTGLExtrdFont.h */,
				E7F29F2715DB622F0016AF67 /* FTGLOutlineFont.h */,
				E7F29F2815DB622F0016AF67 /* FTGLPixmapFont.h */,
				E7F29F2915DB622F0016AF67 /* FTGLPolygonFont.h */,
				E7F29F2A15DB622F0016AF67 /* FTGLTextureFont.h */,
				E7F29F2B15DB622F0016AF67 /* FTGlyph.h */,
				E7F29F2C15DB622F0016AF67 /* FTLayout.h */,
				E7F29F2D15DB622F0016AF67 /* FTOutlineGlyph.h */,
				E7F29F2E15DB622F0016AF67 /* FTPixmapGlyph.h */,
				E7F29F2F15DB622F0016AF67 /* FTPoint.h */,
				E7F29F3015DB622F0016AF67 /* FTPolyGlyph.h */,
				E7F29F3115DB622F0016AF67 /* FTSimpleLayout.h */,
				E7F29F3215DB622F0016AF67 /* FTTextureGlyph.h */,
			);
			path = FTGL;
			sourceTree = "<group>";
		};
		E7F29F3315DB622F0016AF67 /* FTGlyph */ = {
			isa = PBXGroup;
			children = (
				E7F29F3415DB622F0016AF67 /* FTBitmapGlyph.cpp */,
				E7F29F3515DB622F0016AF67 /* FTBitmapGlyphImpl.h */,
				E7F29F3615DB622F0016AF67 /* FTBufferGlyph.cpp */,
				E7F29F3715DB622F0016AF67 /* FTBufferGlyphImpl.h */,
				E7F29F3815DB622F0016AF67 /* FTExtrudeGlyph.cpp */,
				E7F29F3915DB622F0016AF67 /* FTExtrudeGlyphImpl.h */,
				E7F29F3A15DB622F0016AF67 /* FTGlyph.cpp */,
				E7F29F3B15DB622F0016AF67 /* FTGlyphGlue.cpp */,
				E7F29F3C15DB622F0016AF67 /* FTGlyphImpl.h */,
				E7F29F3D15DB622F0016AF67 /* FTOutlineGlyph.cpp */,
				E7F29F3E15DB622F0016AF67 /* FTOutlineGlyphImpl.h */,
				E7F29F3F15DB622F0016AF67 /* FTPixmapGlyph.cpp */,
				E7F29F4015DB622F0016AF67 /* FTPixmapGlyphImpl.h */,
				E7F29F4115DB622F0016AF67 /* FTPolygonGlyph.cpp */,
				E7F29F4215DB622F0016AF67 /* FTPolygonGlyphImpl.h */,
				E7F29F4315DB622F0016AF67 /* FTTextureGlyph.cpp */,
				E7F29F4415DB622F0016AF67 /* FTTextureGlyphImpl.h */,
			);
			path = FTGlyph;
			sourceTree = "<group>";
		};
		E7F29F4815DB622F0016AF67 /* FTLayout */ = {
			isa = PBXGroup;
			children = (
				E7F29F4915DB622F0016AF67 /* FTLayout.cpp */,
				E7F29F4A15DB622F0016AF67 /* FTLayoutGlue.cpp */,
				E7F29F4B15DB622F0016AF67 /* FTLayoutImpl.h */,
				E7F29F4C15DB622F0016AF67 /* FTSimpleLayout.cpp */,
				E7F29F4D15DB622F0016AF67 /* FTSimpleLayoutImpl.h */,
			);
			path = FTLayout;
			sourceTree = "<group>";
		};
		E7F29F5B15DB622F0016AF67 /* src */ = {
			isa = PBXGroup;
			children = (
				E7F29F5D15DB62300016AF67 /* ofxFTGLFont.h */,
				E7F29F5C15DB62300016AF67 /* ofxFTGLFont.cpp */,
			);
			path = src;
			sourceTree = "<group>";
		};
/* End PBXGroup section */

/* Begin PBXNativeTarget section */
		E4B69B5A0A3A1756003C02F2 /* CloudsSubtitlePlayer */ = {
			isa = PBXNativeTarget;
			buildConfigurationList = E4B69B5F0A3A1757003C02F2 /* Build configuration list for PBXNativeTarget "CloudsSubtitlePlayer" */;
			buildPhases = (
				E4B69B580A3A1756003C02F2 /* Sources */,
				E4B69B590A3A1756003C02F2 /* Frameworks */,
				E4B6FFFD0C3F9AB9008CF71C /* ShellScript */,
				E4C2427710CC5ABF004149E2 /* CopyFiles */,
			);
			buildRules = (
			);
			dependencies = (
				E4EEB9AC138B136A00A80321 /* PBXTargetDependency */,
			);
			name = CloudsSubtitlePlayer;
			productName = myOFApp;
			productReference = E4B69B5B0A3A1756003C02F2 /* CloudsSubtitlePlayerDebug.app */;
			productType = "com.apple.product-type.application";
		};
/* End PBXNativeTarget section */

/* Begin PBXProject section */
		E4B69B4C0A3A1720003C02F2 /* Project object */ = {
			isa = PBXProject;
			buildConfigurationList = E4B69B4D0A3A1720003C02F2 /* Build configuration list for PBXProject "CloudsSubtitlePlayer" */;
			compatibilityVersion = "Xcode 2.4";
			developmentRegion = English;
			hasScannedForEncodings = 0;
			knownRegions = (
				English,
				Japanese,
				French,
				German,
			);
			mainGroup = E4B69B4A0A3A1720003C02F2;
			productRefGroup = E4B69B4A0A3A1720003C02F2;
			projectDirPath = "";
			projectReferences = (
				{
					ProductGroup = E4328144138ABC890047C5CB /* Products */;
					ProjectRef = E4328143138ABC890047C5CB /* openFrameworksLib.xcodeproj */;
				},
			);
			projectRoot = "";
			targets = (
				E4B69B5A0A3A1756003C02F2 /* CloudsSubtitlePlayer */,
			);
		};
/* End PBXProject section */

/* Begin PBXReferenceProxy section */
		E4328148138ABC890047C5CB /* openFrameworksDebug.a */ = {
			isa = PBXReferenceProxy;
			fileType = archive.ar;
			path = openFrameworksDebug.a;
			remoteRef = E4328147138ABC890047C5CB /* PBXContainerItemProxy */;
			sourceTree = BUILT_PRODUCTS_DIR;
		};
/* End PBXReferenceProxy section */

/* Begin PBXShellScriptBuildPhase section */
		E4B6FFFD0C3F9AB9008CF71C /* ShellScript */ = {
			isa = PBXShellScriptBuildPhase;
			buildActionMask = 2147483647;
			files = (
			);
			inputPaths = (
			);
			outputPaths = (
			);
			runOnlyForDeploymentPostprocessing = 0;
			shellPath = /bin/sh;
			shellScript = "cp -f ../../../libs/fmodex/lib/osx/libfmodex.dylib \"$TARGET_BUILD_DIR/$PRODUCT_NAME.app/Contents/MacOS/libfmodex.dylib\"; install_name_tool -change ./libfmodex.dylib @executable_path/libfmodex.dylib \"$TARGET_BUILD_DIR/$PRODUCT_NAME.app/Contents/MacOS/$PRODUCT_NAME\";";
		};
/* End PBXShellScriptBuildPhase section */

/* Begin PBXSourcesBuildPhase section */
		E4B69B580A3A1756003C02F2 /* Sources */ = {
			isa = PBXSourcesBuildPhase;
			buildActionMask = 2147483647;
			files = (
				E4B69E200A3A1BDC003C02F2 /* main.cpp in Sources */,
				E4B69E210A3A1BDC003C02F2 /* testApp.cpp in Sources */,
				E7F29EA615DB3C0A0016AF67 /* ofxTimecode.cpp in Sources */,
				E7F29EE415DB3E950016AF67 /* ofTextConverter.cpp in Sources */,
				E7F29EE515DB3E950016AF67 /* ofUnicode.cpp in Sources */,
				E7F29EE615DB3E950016AF67 /* ofUTF8.cpp in Sources */,
				E7F29F6515DB62300016AF67 /* FTBuffer.cpp in Sources */,
				E7F29F6615DB62300016AF67 /* FTCharmap.cpp in Sources */,
				E7F29F6715DB62300016AF67 /* FTContour.cpp in Sources */,
				E7F29F6815DB62300016AF67 /* FTFace.cpp in Sources */,
				E7F29F6915DB62300016AF67 /* FTBitmapFont.cpp in Sources */,
				E7F29F6A15DB62300016AF67 /* FTBufferFont.cpp in Sources */,
				E7F29F6B15DB62300016AF67 /* FTExtrudeFont.cpp in Sources */,
				E7F29F6C15DB62300016AF67 /* FTFont.cpp in Sources */,
				E7F29F6D15DB62300016AF67 /* FTFontGlue.cpp in Sources */,
				E7F29F6E15DB62300016AF67 /* FTOutlineFont.cpp in Sources */,
				E7F29F6F15DB62300016AF67 /* FTPixmapFont.cpp in Sources */,
				E7F29F7015DB62300016AF67 /* FTPolygonFont.cpp in Sources */,
				E7F29F7115DB62300016AF67 /* FTTextureFont.cpp in Sources */,
				E7F29F7215DB62300016AF67 /* FTBitmapGlyph.cpp in Sources */,
				E7F29F7315DB62300016AF67 /* FTBufferGlyph.cpp in Sources */,
				E7F29F7415DB62300016AF67 /* FTExtrudeGlyph.cpp in Sources */,
				E7F29F7515DB62300016AF67 /* FTGlyph.cpp in Sources */,
				E7F29F7615DB62300016AF67 /* FTGlyphGlue.cpp in Sources */,
				E7F29F7715DB62300016AF67 /* FTOutlineGlyph.cpp in Sources */,
				E7F29F7815DB62300016AF67 /* FTPixmapGlyph.cpp in Sources */,
				E7F29F7915DB62300016AF67 /* FTPolygonGlyph.cpp in Sources */,
				E7F29F7A15DB62300016AF67 /* FTTextureGlyph.cpp in Sources */,
				E7F29F7B15DB62300016AF67 /* FTGlyphContainer.cpp in Sources */,
				E7F29F7C15DB62300016AF67 /* FTLayout.cpp in Sources */,
				E7F29F7D15DB62300016AF67 /* FTLayoutGlue.cpp in Sources */,
				E7F29F7E15DB62300016AF67 /* FTSimpleLayout.cpp in Sources */,
				E7F29F7F15DB62300016AF67 /* FTLibrary.cpp in Sources */,
				E7F29F8015DB62300016AF67 /* FTPoint.cpp in Sources */,
				E7F29F8115DB62300016AF67 /* FTSize.cpp in Sources */,
				E7F29F8215DB62300016AF67 /* FTVectoriser.cpp in Sources */,
				E7F29F8315DB62300016AF67 /* ofxFTGLFont.cpp in Sources */,
				E7C305EE15DE1833003BD208 /* tinyxml.cpp in Sources */,
				E7C305EF15DE1833003BD208 /* tinyxmlerror.cpp in Sources */,
				E7C305F015DE1833003BD208 /* tinyxmlparser.cpp in Sources */,
				E7C305F115DE1833003BD208 /* ofxXmlSettings.cpp in Sources */,
				E7C3062715DE2E27003BD208 /* ofxSubtitles.cpp in Sources */,
				E7C3062815DE2E27003BD208 /* ofxSubtitleUnit.cpp in Sources */,
			);
			runOnlyForDeploymentPostprocessing = 0;
		};
/* End PBXSourcesBuildPhase section */

/* Begin PBXTargetDependency section */
		E4EEB9AC138B136A00A80321 /* PBXTargetDependency */ = {
			isa = PBXTargetDependency;
			name = openFrameworks;
			targetProxy = E4EEB9AB138B136A00A80321 /* PBXContainerItemProxy */;
		};
/* End PBXTargetDependency section */

/* Begin XCBuildConfiguration section */
		E4B69B4E0A3A1720003C02F2 /* Debug */ = {
			isa = XCBuildConfiguration;
			baseConfigurationReference = E4EB6923138AFD0F00A09F29 /* Project.xcconfig */;
			buildSettings = {
				ARCHS = "$(NATIVE_ARCH)";
				CONFIGURATION_BUILD_DIR = "$(SRCROOT)/bin/";
				COPY_PHASE_STRIP = NO;
				DEAD_CODE_STRIPPING = YES;
				GCC_AUTO_VECTORIZATION = YES;
				GCC_ENABLE_SSE3_EXTENSIONS = YES;
				GCC_ENABLE_SUPPLEMENTAL_SSE3_INSTRUCTIONS = YES;
				GCC_INLINES_ARE_PRIVATE_EXTERN = NO;
				GCC_OPTIMIZATION_LEVEL = 0;
				GCC_SYMBOLS_PRIVATE_EXTERN = NO;
				GCC_WARN_ABOUT_DEPRECATED_FUNCTIONS = YES;
				GCC_WARN_ABOUT_INVALID_OFFSETOF_MACRO = NO;
				GCC_WARN_ALLOW_INCOMPLETE_PROTOCOL = NO;
				GCC_WARN_UNINITIALIZED_AUTOS = NO;
				GCC_WARN_UNUSED_VALUE = NO;
				GCC_WARN_UNUSED_VARIABLE = NO;
				HEADER_SEARCH_PATHS = (
					"../../../addons/ofxFTGL/libs/**",
					"$(OF_CORE_HEADERS)",
				);
				OTHER_CPLUSPLUSFLAGS = (
					"-D__MACOSX_CORE__",
					"-lpthread",
					"-mtune=native",
				);
			};
			name = Debug;
		};
		E4B69B4F0A3A1720003C02F2 /* Release */ = {
			isa = XCBuildConfiguration;
			baseConfigurationReference = E4EB6923138AFD0F00A09F29 /* Project.xcconfig */;
			buildSettings = {
				ARCHS = "$(NATIVE_ARCH)";
				CONFIGURATION_BUILD_DIR = "$(SRCROOT)/bin/";
				COPY_PHASE_STRIP = YES;
				DEAD_CODE_STRIPPING = YES;
				GCC_AUTO_VECTORIZATION = YES;
				GCC_ENABLE_SSE3_EXTENSIONS = YES;
				GCC_ENABLE_SUPPLEMENTAL_SSE3_INSTRUCTIONS = YES;
				GCC_INLINES_ARE_PRIVATE_EXTERN = NO;
				GCC_OPTIMIZATION_LEVEL = 3;
				GCC_SYMBOLS_PRIVATE_EXTERN = NO;
				GCC_UNROLL_LOOPS = YES;
				GCC_WARN_ABOUT_DEPRECATED_FUNCTIONS = YES;
				GCC_WARN_ABOUT_INVALID_OFFSETOF_MACRO = NO;
				GCC_WARN_ALLOW_INCOMPLETE_PROTOCOL = NO;
				GCC_WARN_UNINITIALIZED_AUTOS = NO;
				GCC_WARN_UNUSED_VALUE = NO;
				GCC_WARN_UNUSED_VARIABLE = NO;
				HEADER_SEARCH_PATHS = (
					"../../../addons/ofxFTGL/libs/**",
					"$(OF_CORE_HEADERS)",
				);
				OTHER_CPLUSPLUSFLAGS = (
					"-D__MACOSX_CORE__",
					"-lpthread",
					"-mtune=native",
				);
			};
			name = Release;
		};
		E4B69B600A3A1757003C02F2 /* Debug */ = {
			isa = XCBuildConfiguration;
			buildSettings = {
				COPY_PHASE_STRIP = NO;
				FRAMEWORK_SEARCH_PATHS = (
					"$(inherited)",
					"$(FRAMEWORK_SEARCH_PATHS_QUOTED_FOR_TARGET_1)",
				);
				FRAMEWORK_SEARCH_PATHS_QUOTED_FOR_TARGET_1 = "\"$(SRCROOT)/../../../libs/glut/lib/osx\"";
				GCC_DYNAMIC_NO_PIC = NO;
				GCC_ENABLE_FIX_AND_CONTINUE = YES;
				GCC_GENERATE_DEBUGGING_SYMBOLS = YES;
				GCC_MODEL_TUNING = NONE;
				GCC_PRECOMPILE_PREFIX_HEADER = YES;
				GCC_PREFIX_HEADER = "$(SYSTEM_LIBRARY_DIR)/Frameworks/Carbon.framework/Headers/Carbon.h";
				INFOPLIST_FILE = "openFrameworks-Info.plist";
				INSTALL_PATH = "$(HOME)/Applications";
				LIBRARY_SEARCH_PATHS = (
					"$(inherited)",
					"$(LIBRARY_SEARCH_PATHS_QUOTED_FOR_TARGET_1)",
					"$(LIBRARY_SEARCH_PATHS_QUOTED_FOR_TARGET_2)",
					"$(LIBRARY_SEARCH_PATHS_QUOTED_FOR_TARGET_3)",
					"$(LIBRARY_SEARCH_PATHS_QUOTED_FOR_TARGET_4)",
					"$(LIBRARY_SEARCH_PATHS_QUOTED_FOR_TARGET_5)",
					"$(LIBRARY_SEARCH_PATHS_QUOTED_FOR_TARGET_6)",
					"$(LIBRARY_SEARCH_PATHS_QUOTED_FOR_TARGET_7)",
					"$(LIBRARY_SEARCH_PATHS_QUOTED_FOR_TARGET_8)",
					"$(LIBRARY_SEARCH_PATHS_QUOTED_FOR_TARGET_9)",
					"$(LIBRARY_SEARCH_PATHS_QUOTED_FOR_TARGET_10)",
					"$(LIBRARY_SEARCH_PATHS_QUOTED_FOR_TARGET_11)",
					"$(LIBRARY_SEARCH_PATHS_QUOTED_FOR_TARGET_12)",
					"$(LIBRARY_SEARCH_PATHS_QUOTED_FOR_TARGET_13)",
					"$(LIBRARY_SEARCH_PATHS_QUOTED_FOR_TARGET_14)",
					"$(LIBRARY_SEARCH_PATHS_QUOTED_FOR_TARGET_15)",
					"$(LIBRARY_SEARCH_PATHS_QUOTED_FOR_TARGET_2)",
					"$(LIBRARY_SEARCH_PATHS_QUOTED_FOR_TARGET_3)",
					"$(LIBRARY_SEARCH_PATHS_QUOTED_FOR_TARGET_7)",
					"$(LIBRARY_SEARCH_PATHS_QUOTED_FOR_TARGET_8)",
					"$(LIBRARY_SEARCH_PATHS_QUOTED_FOR_TARGET_9)",
					"$(LIBRARY_SEARCH_PATHS_QUOTED_FOR_TARGET_10)",
					"$(LIBRARY_SEARCH_PATHS_QUOTED_FOR_TARGET_11)",
					"$(LIBRARY_SEARCH_PATHS_QUOTED_FOR_TARGET_12)",
					"$(LIBRARY_SEARCH_PATHS_QUOTED_FOR_TARGET_13)",
					"$(LIBRARY_SEARCH_PATHS_QUOTED_FOR_TARGET_16)",
					"$(LIBRARY_SEARCH_PATHS_QUOTED_FOR_TARGET_17)",
					"$(LIBRARY_SEARCH_PATHS_QUOTED_FOR_TARGET_18)",
					"$(LIBRARY_SEARCH_PATHS_QUOTED_FOR_TARGET_19)",
					"$(LIBRARY_SEARCH_PATHS_QUOTED_FOR_TARGET_20)",
					"$(LIBRARY_SEARCH_PATHS_QUOTED_FOR_TARGET_21)",
					"$(LIBRARY_SEARCH_PATHS_QUOTED_FOR_TARGET_22)",
					"$(LIBRARY_SEARCH_PATHS_QUOTED_FOR_TARGET_23)",
					"$(LIBRARY_SEARCH_PATHS_QUOTED_FOR_TARGET_24)",
					"$(LIBRARY_SEARCH_PATHS_QUOTED_FOR_TARGET_25)",
					"$(LIBRARY_SEARCH_PATHS_QUOTED_FOR_TARGET_26)",
					"$(LIBRARY_SEARCH_PATHS_QUOTED_FOR_TARGET_27)",
					"$(LIBRARY_SEARCH_PATHS_QUOTED_FOR_TARGET_28)",
					"$(LIBRARY_SEARCH_PATHS_QUOTED_FOR_TARGET_29)",
					"$(LIBRARY_SEARCH_PATHS_QUOTED_FOR_TARGET_30)",
					"$(LIBRARY_SEARCH_PATHS_QUOTED_FOR_TARGET_31)",
					"$(LIBRARY_SEARCH_PATHS_QUOTED_FOR_TARGET_32)",
					"$(LIBRARY_SEARCH_PATHS_QUOTED_FOR_TARGET_33)",
					"$(LIBRARY_SEARCH_PATHS_QUOTED_FOR_TARGET_34)",
					"$(LIBRARY_SEARCH_PATHS_QUOTED_FOR_TARGET_35)",
					"$(LIBRARY_SEARCH_PATHS_QUOTED_FOR_TARGET_36)",
					"$(LIBRARY_SEARCH_PATHS_QUOTED_FOR_TARGET_37)",
					"$(LIBRARY_SEARCH_PATHS_QUOTED_FOR_TARGET_38)",
					"$(LIBRARY_SEARCH_PATHS_QUOTED_FOR_TARGET_39)",
					"$(LIBRARY_SEARCH_PATHS_QUOTED_FOR_TARGET_40)",
					"$(LIBRARY_SEARCH_PATHS_QUOTED_FOR_TARGET_41)",
					"$(LIBRARY_SEARCH_PATHS_QUOTED_FOR_TARGET_42)",
					"$(LIBRARY_SEARCH_PATHS_QUOTED_FOR_TARGET_43)",
					"$(LIBRARY_SEARCH_PATHS_QUOTED_FOR_TARGET_44)",
					"$(LIBRARY_SEARCH_PATHS_QUOTED_FOR_TARGET_45)",
					"$(LIBRARY_SEARCH_PATHS_QUOTED_FOR_TARGET_46)",
					"$(LIBRARY_SEARCH_PATHS_QUOTED_FOR_TARGET_47)",
					"$(LIBRARY_SEARCH_PATHS_QUOTED_FOR_TARGET_48)",
					"$(LIBRARY_SEARCH_PATHS_QUOTED_FOR_TARGET_49)",
					"$(LIBRARY_SEARCH_PATHS_QUOTED_FOR_TARGET_50)",
					"$(LIBRARY_SEARCH_PATHS_QUOTED_FOR_TARGET_51)",
					"$(LIBRARY_SEARCH_PATHS_QUOTED_FOR_TARGET_52)",
				);
				PREBINDING = NO;
				PRODUCT_NAME = CloudsSubtitlePlayerDebug;
				WRAPPER_EXTENSION = app;
			};
			name = Debug;
		};
		E4B69B610A3A1757003C02F2 /* Release */ = {
			isa = XCBuildConfiguration;
			buildSettings = {
				COPY_PHASE_STRIP = YES;
				FRAMEWORK_SEARCH_PATHS = (
					"$(inherited)",
					"$(FRAMEWORK_SEARCH_PATHS_QUOTED_FOR_TARGET_1)",
				);
				FRAMEWORK_SEARCH_PATHS_QUOTED_FOR_TARGET_1 = "\"$(SRCROOT)/../../../libs/glut/lib/osx\"";
				GCC_ENABLE_FIX_AND_CONTINUE = NO;
				GCC_GENERATE_DEBUGGING_SYMBOLS = YES;
				GCC_MODEL_TUNING = NONE;
				GCC_PRECOMPILE_PREFIX_HEADER = YES;
				GCC_PREFIX_HEADER = "$(SYSTEM_LIBRARY_DIR)/Frameworks/Carbon.framework/Headers/Carbon.h";
				INFOPLIST_FILE = "openFrameworks-Info.plist";
				INSTALL_PATH = "$(HOME)/Applications";
				LIBRARY_SEARCH_PATHS = (
					"$(inherited)",
					"$(LIBRARY_SEARCH_PATHS_QUOTED_FOR_TARGET_1)",
					"$(LIBRARY_SEARCH_PATHS_QUOTED_FOR_TARGET_2)",
					"$(LIBRARY_SEARCH_PATHS_QUOTED_FOR_TARGET_3)",
					"$(LIBRARY_SEARCH_PATHS_QUOTED_FOR_TARGET_4)",
					"$(LIBRARY_SEARCH_PATHS_QUOTED_FOR_TARGET_5)",
					"$(LIBRARY_SEARCH_PATHS_QUOTED_FOR_TARGET_6)",
					"$(LIBRARY_SEARCH_PATHS_QUOTED_FOR_TARGET_7)",
					"$(LIBRARY_SEARCH_PATHS_QUOTED_FOR_TARGET_8)",
					"$(LIBRARY_SEARCH_PATHS_QUOTED_FOR_TARGET_9)",
					"$(LIBRARY_SEARCH_PATHS_QUOTED_FOR_TARGET_10)",
					"$(LIBRARY_SEARCH_PATHS_QUOTED_FOR_TARGET_11)",
					"$(LIBRARY_SEARCH_PATHS_QUOTED_FOR_TARGET_12)",
					"$(LIBRARY_SEARCH_PATHS_QUOTED_FOR_TARGET_13)",
					"$(LIBRARY_SEARCH_PATHS_QUOTED_FOR_TARGET_14)",
					"$(LIBRARY_SEARCH_PATHS_QUOTED_FOR_TARGET_15)",
					"$(LIBRARY_SEARCH_PATHS_QUOTED_FOR_TARGET_2)",
					"$(LIBRARY_SEARCH_PATHS_QUOTED_1)",
					"$(LIBRARY_SEARCH_PATHS_QUOTED_FOR_TARGET_3)",
					"$(LIBRARY_SEARCH_PATHS_QUOTED_FOR_TARGET_7)",
					"$(LIBRARY_SEARCH_PATHS_QUOTED_FOR_TARGET_8)",
					"$(LIBRARY_SEARCH_PATHS_QUOTED_FOR_TARGET_9)",
					"$(LIBRARY_SEARCH_PATHS_QUOTED_FOR_TARGET_10)",
					"$(LIBRARY_SEARCH_PATHS_QUOTED_FOR_TARGET_11)",
					"$(LIBRARY_SEARCH_PATHS_QUOTED_FOR_TARGET_12)",
					"$(LIBRARY_SEARCH_PATHS_QUOTED_FOR_TARGET_13)",
					"$(LIBRARY_SEARCH_PATHS_QUOTED_FOR_TARGET_16)",
					"$(LIBRARY_SEARCH_PATHS_QUOTED_FOR_TARGET_17)",
					"$(LIBRARY_SEARCH_PATHS_QUOTED_FOR_TARGET_18)",
					"$(LIBRARY_SEARCH_PATHS_QUOTED_FOR_TARGET_19)",
					"$(LIBRARY_SEARCH_PATHS_QUOTED_FOR_TARGET_20)",
					"$(LIBRARY_SEARCH_PATHS_QUOTED_FOR_TARGET_21)",
					"$(LIBRARY_SEARCH_PATHS_QUOTED_FOR_TARGET_22)",
					"$(LIBRARY_SEARCH_PATHS_QUOTED_FOR_TARGET_23)",
					"$(LIBRARY_SEARCH_PATHS_QUOTED_FOR_TARGET_24)",
					"$(LIBRARY_SEARCH_PATHS_QUOTED_FOR_TARGET_25)",
					"$(LIBRARY_SEARCH_PATHS_QUOTED_FOR_TARGET_26)",
					"$(LIBRARY_SEARCH_PATHS_QUOTED_FOR_TARGET_27)",
					"$(LIBRARY_SEARCH_PATHS_QUOTED_FOR_TARGET_28)",
					"$(LIBRARY_SEARCH_PATHS_QUOTED_FOR_TARGET_29)",
					"$(LIBRARY_SEARCH_PATHS_QUOTED_FOR_TARGET_30)",
					"$(LIBRARY_SEARCH_PATHS_QUOTED_FOR_TARGET_31)",
					"$(LIBRARY_SEARCH_PATHS_QUOTED_FOR_TARGET_32)",
					"$(LIBRARY_SEARCH_PATHS_QUOTED_FOR_TARGET_33)",
					"$(LIBRARY_SEARCH_PATHS_QUOTED_FOR_TARGET_34)",
					"$(LIBRARY_SEARCH_PATHS_QUOTED_FOR_TARGET_35)",
					"$(LIBRARY_SEARCH_PATHS_QUOTED_FOR_TARGET_36)",
					"$(LIBRARY_SEARCH_PATHS_QUOTED_FOR_TARGET_37)",
					"$(LIBRARY_SEARCH_PATHS_QUOTED_FOR_TARGET_38)",
					"$(LIBRARY_SEARCH_PATHS_QUOTED_FOR_TARGET_39)",
					"$(LIBRARY_SEARCH_PATHS_QUOTED_FOR_TARGET_40)",
					"$(LIBRARY_SEARCH_PATHS_QUOTED_FOR_TARGET_41)",
					"$(LIBRARY_SEARCH_PATHS_QUOTED_FOR_TARGET_42)",
					"$(LIBRARY_SEARCH_PATHS_QUOTED_FOR_TARGET_43)",
					"$(LIBRARY_SEARCH_PATHS_QUOTED_FOR_TARGET_44)",
					"$(LIBRARY_SEARCH_PATHS_QUOTED_FOR_TARGET_45)",
					"$(LIBRARY_SEARCH_PATHS_QUOTED_FOR_TARGET_46)",
					"$(LIBRARY_SEARCH_PATHS_QUOTED_FOR_TARGET_47)",
					"$(LIBRARY_SEARCH_PATHS_QUOTED_FOR_TARGET_48)",
					"$(LIBRARY_SEARCH_PATHS_QUOTED_FOR_TARGET_49)",
					"$(LIBRARY_SEARCH_PATHS_QUOTED_FOR_TARGET_50)",
					"$(LIBRARY_SEARCH_PATHS_QUOTED_FOR_TARGET_51)",
				);
				PREBINDING = NO;
				PRODUCT_NAME = CloudsSubtitlePlayer;
				WRAPPER_EXTENSION = app;
			};
			name = Release;
		};
/* End XCBuildConfiguration section */

/* Begin XCConfigurationList section */
		E4B69B4D0A3A1720003C02F2 /* Build configuration list for PBXProject "CloudsSubtitlePlayer" */ = {
			isa = XCConfigurationList;
			buildConfigurations = (
				E4B69B4E0A3A1720003C02F2 /* Debug */,
				E4B69B4F0A3A1720003C02F2 /* Release */,
			);
			defaultConfigurationIsVisible = 0;
			defaultConfigurationName = Release;
		};
		E4B69B5F0A3A1757003C02F2 /* Build configuration list for PBXNativeTarget "CloudsSubtitlePlayer" */ = {
			isa = XCConfigurationList;
			buildConfigurations = (
				E4B69B600A3A1757003C02F2 /* Debug */,
				E4B69B610A3A1757003C02F2 /* Release */,
			);
			defaultConfigurationIsVisible = 0;
			defaultConfigurationName = Release;
		};
/* End XCConfigurationList section */
	};
	rootObject = E4B69B4C0A3A1720003C02F2 /* Project object */;
}
